// !$*UTF8*$!
{
	archiveVersion = 1;
	classes = {
	};
	objectVersion = 46;
	objects = {

/* Begin PBXBuildFile section */
		1D099C901EBEE9C700B5FC42 /* PostViewController.m in Sources */ = {isa = PBXBuildFile; fileRef = 1D099C8F1EBEE9C700B5FC42 /* PostViewController.m */; };
		1D099C931EBEEE2700B5FC42 /* FeedViewController.m in Sources */ = {isa = PBXBuildFile; fileRef = 1D099C921EBEEE2700B5FC42 /* FeedViewController.m */; };
		1D099D0D1EBF845700B5FC42 /* SimpleTableCell.xib in Resources */ = {isa = PBXBuildFile; fileRef = 1D099D0C1EBF845700B5FC42 /* SimpleTableCell.xib */; };
		1D099D0F1EBF84C200B5FC42 /* download.jpg in Resources */ = {isa = PBXBuildFile; fileRef = 1D099D0E1EBF84C200B5FC42 /* download.jpg */; };
		1D099D151EBF874200B5FC42 /* SimpleTableCell.m in Sources */ = {isa = PBXBuildFile; fileRef = 1D099D141EBF874200B5FC42 /* SimpleTableCell.m */; };
		1D099D171EBF91D000B5FC42 /* button2.png in Resources */ = {isa = PBXBuildFile; fileRef = 1D099D161EBF91D000B5FC42 /* button2.png */; };
		1D099D191EBF924800B5FC42 /* arrow.png in Resources */ = {isa = PBXBuildFile; fileRef = 1D099D181EBF924800B5FC42 /* arrow.png */; };
		1D491B931EBEDECE0034B47C /* main.m in Sources */ = {isa = PBXBuildFile; fileRef = 1D491B921EBEDECE0034B47C /* main.m */; };
		1D491B961EBEDECE0034B47C /* AppDelegate.m in Sources */ = {isa = PBXBuildFile; fileRef = 1D491B951EBEDECE0034B47C /* AppDelegate.m */; };
		1D491B991EBEDECE0034B47C /* ViewController.m in Sources */ = {isa = PBXBuildFile; fileRef = 1D491B981EBEDECE0034B47C /* ViewController.m */; };
		1D491B9C1EBEDECE0034B47C /* Main.storyboard in Resources */ = {isa = PBXBuildFile; fileRef = 1D491B9A1EBEDECE0034B47C /* Main.storyboard */; };
		1D491B9E1EBEDECE0034B47C /* Assets.xcassets in Resources */ = {isa = PBXBuildFile; fileRef = 1D491B9D1EBEDECE0034B47C /* Assets.xcassets */; };
		1D491BA11EBEDECE0034B47C /* LaunchScreen.storyboard in Resources */ = {isa = PBXBuildFile; fileRef = 1D491B9F1EBEDECE0034B47C /* LaunchScreen.storyboard */; };
		1D491BAC1EBEDECE0034B47C /* cameratestOBJCTests.m in Sources */ = {isa = PBXBuildFile; fileRef = 1D491BAB1EBEDECE0034B47C /* cameratestOBJCTests.m */; };
		1D491BB71EBEDECE0034B47C /* cameratestOBJCUITests.m in Sources */ = {isa = PBXBuildFile; fileRef = 1D491BB61EBEDECE0034B47C /* cameratestOBJCUITests.m */; };
/* End PBXBuildFile section */

/* Begin PBXContainerItemProxy section */
		1D491BA81EBEDECE0034B47C /* PBXContainerItemProxy */ = {
			isa = PBXContainerItemProxy;
			containerPortal = 1D491B861EBEDECE0034B47C /* Project object */;
			proxyType = 1;
			remoteGlobalIDString = 1D491B8D1EBEDECE0034B47C;
			remoteInfo = cameratestOBJC;
		};
		1D491BB31EBEDECE0034B47C /* PBXContainerItemProxy */ = {
			isa = PBXContainerItemProxy;
			containerPortal = 1D491B861EBEDECE0034B47C /* Project object */;
			proxyType = 1;
			remoteGlobalIDString = 1D491B8D1EBEDECE0034B47C;
			remoteInfo = cameratestOBJC;
		};
/* End PBXContainerItemProxy section */

/* Begin PBXFileReference section */
		1D099C8E1EBEE9B400B5FC42 /* PostViewController.h */ = {isa = PBXFileReference; lastKnownFileType = sourcecode.c.h; path = PostViewController.h; sourceTree = "<group>"; };
		1D099C8F1EBEE9C700B5FC42 /* PostViewController.m */ = {isa = PBXFileReference; fileEncoding = 4; lastKnownFileType = sourcecode.c.objc; path = PostViewController.m; sourceTree = "<group>"; };
		1D099C911EBEEE1600B5FC42 /* FeedViewController.h */ = {isa = PBXFileReference; lastKnownFileType = sourcecode.c.h; path = FeedViewController.h; sourceTree = "<group>"; };
		1D099C921EBEEE2700B5FC42 /* FeedViewController.m */ = {isa = PBXFileReference; fileEncoding = 4; lastKnownFileType = sourcecode.c.objc; path = FeedViewController.m; sourceTree = "<group>"; };
		1D099D0C1EBF845700B5FC42 /* SimpleTableCell.xib */ = {isa = PBXFileReference; fileEncoding = 4; lastKnownFileType = file.xib; path = SimpleTableCell.xib; sourceTree = "<group>"; };
		1D099D0E1EBF84C200B5FC42 /* download.jpg */ = {isa = PBXFileReference; lastKnownFileType = image.jpeg; path = download.jpg; sourceTree = "<group>"; };
		1D099D131EBF874200B5FC42 /* SimpleTableCell.h */ = {isa = PBXFileReference; fileEncoding = 4; lastKnownFileType = sourcecode.c.h; path = SimpleTableCell.h; sourceTree = "<group>"; };
		1D099D141EBF874200B5FC42 /* SimpleTableCell.m */ = {isa = PBXFileReference; fileEncoding = 4; lastKnownFileType = sourcecode.c.objc; path = SimpleTableCell.m; sourceTree = "<group>"; };
		1D099D161EBF91D000B5FC42 /* button2.png */ = {isa = PBXFileReference; lastKnownFileType = image.png; path = button2.png; sourceTree = "<group>"; };
		1D099D181EBF924800B5FC42 /* arrow.png */ = {isa = PBXFileReference; lastKnownFileType = image.png; path = arrow.png; sourceTree = "<group>"; };
		1D491B8E1EBEDECE0034B47C /* cameratestOBJC.app */ = {isa = PBXFileReference; explicitFileType = wrapper.application; includeInIndex = 0; path = cameratestOBJC.app; sourceTree = BUILT_PRODUCTS_DIR; };
		1D491B921EBEDECE0034B47C /* main.m */ = {isa = PBXFileReference; lastKnownFileType = sourcecode.c.objc; path = main.m; sourceTree = "<group>"; };
		1D491B941EBEDECE0034B47C /* AppDelegate.h */ = {isa = PBXFileReference; lastKnownFileType = sourcecode.c.h; path = AppDelegate.h; sourceTree = "<group>"; };
		1D491B951EBEDECE0034B47C /* AppDelegate.m */ = {isa = PBXFileReference; lastKnownFileType = sourcecode.c.objc; path = AppDelegate.m; sourceTree = "<group>"; };
		1D491B971EBEDECE0034B47C /* ViewController.h */ = {isa = PBXFileReference; lastKnownFileType = sourcecode.c.h; path = ViewController.h; sourceTree = "<group>"; };
		1D491B981EBEDECE0034B47C /* ViewController.m */ = {isa = PBXFileReference; lastKnownFileType = sourcecode.c.objc; path = ViewController.m; sourceTree = "<group>"; };
		1D491B9B1EBEDECE0034B47C /* Base */ = {isa = PBXFileReference; lastKnownFileType = file.storyboard; name = Base; path = Base.lproj/Main.storyboard; sourceTree = "<group>"; };
		1D491B9D1EBEDECE0034B47C /* Assets.xcassets */ = {isa = PBXFileReference; lastKnownFileType = folder.assetcatalog; path = Assets.xcassets; sourceTree = "<group>"; };
		1D491BA01EBEDECE0034B47C /* Base */ = {isa = PBXFileReference; lastKnownFileType = file.storyboard; name = Base; path = Base.lproj/LaunchScreen.storyboard; sourceTree = "<group>"; };
		1D491BA21EBEDECE0034B47C /* Info.plist */ = {isa = PBXFileReference; lastKnownFileType = text.plist.xml; path = Info.plist; sourceTree = "<group>"; };
		1D491BA71EBEDECE0034B47C /* cameratestOBJCTests.xctest */ = {isa = PBXFileReference; explicitFileType = wrapper.cfbundle; includeInIndex = 0; path = cameratestOBJCTests.xctest; sourceTree = BUILT_PRODUCTS_DIR; };
		1D491BAB1EBEDECE0034B47C /* cameratestOBJCTests.m */ = {isa = PBXFileReference; lastKnownFileType = sourcecode.c.objc; path = cameratestOBJCTests.m; sourceTree = "<group>"; };
		1D491BAD1EBEDECE0034B47C /* Info.plist */ = {isa = PBXFileReference; lastKnownFileType = text.plist.xml; path = Info.plist; sourceTree = "<group>"; };
		1D491BB21EBEDECE0034B47C /* cameratestOBJCUITests.xctest */ = {isa = PBXFileReference; explicitFileType = wrapper.cfbundle; includeInIndex = 0; path = cameratestOBJCUITests.xctest; sourceTree = BUILT_PRODUCTS_DIR; };
		1D491BB61EBEDECE0034B47C /* cameratestOBJCUITests.m */ = {isa = PBXFileReference; lastKnownFileType = sourcecode.c.objc; path = cameratestOBJCUITests.m; sourceTree = "<group>"; };
		1D491BB81EBEDECE0034B47C /* Info.plist */ = {isa = PBXFileReference; lastKnownFileType = text.plist.xml; path = Info.plist; sourceTree = "<group>"; };
/* End PBXFileReference section */

/* Begin PBXFrameworksBuildPhase section */
		1D491B8B1EBEDECE0034B47C /* Frameworks */ = {
			isa = PBXFrameworksBuildPhase;
			buildActionMask = 2147483647;
			files = (
			);
			runOnlyForDeploymentPostprocessing = 0;
		};
		1D491BA41EBEDECE0034B47C /* Frameworks */ = {
			isa = PBXFrameworksBuildPhase;
			buildActionMask = 2147483647;
			files = (
			);
			runOnlyForDeploymentPostprocessing = 0;
		};
		1D491BAF1EBEDECE0034B47C /* Frameworks */ = {
			isa = PBXFrameworksBuildPhase;
			buildActionMask = 2147483647;
			files = (
			);
			runOnlyForDeploymentPostprocessing = 0;
		};
/* End PBXFrameworksBuildPhase section */

/* Begin PBXGroup section */
		1D491B851EBEDECE0034B47C = {
			isa = PBXGroup;
			children = (
				1D491B901EBEDECE0034B47C /* cameratestOBJC */,
				1D491BAA1EBEDECE0034B47C /* cameratestOBJCTests */,
				1D491BB51EBEDECE0034B47C /* cameratestOBJCUITests */,
				1D491B8F1EBEDECE0034B47C /* Products */,
			);
			sourceTree = "<group>";
		};
		1D491B8F1EBEDECE0034B47C /* Products */ = {
			isa = PBXGroup;
			children = (
				1D491B8E1EBEDECE0034B47C /* cameratestOBJC.app */,
				1D491BA71EBEDECE0034B47C /* cameratestOBJCTests.xctest */,
				1D491BB21EBEDECE0034B47C /* cameratestOBJCUITests.xctest */,
			);
			name = Products;
			sourceTree = "<group>";
		};
		1D491B901EBEDECE0034B47C /* cameratestOBJC */ = {
			isa = PBXGroup;
			children = (
				1D491B941EBEDECE0034B47C /* AppDelegate.h */,
				1D491B951EBEDECE0034B47C /* AppDelegate.m */,
				1D491B971EBEDECE0034B47C /* ViewController.h */,
				1D491B981EBEDECE0034B47C /* ViewController.m */,
				1D099C8E1EBEE9B400B5FC42 /* PostViewController.h */,
				1D099C8F1EBEE9C700B5FC42 /* PostViewController.m */,
				1D099C911EBEEE1600B5FC42 /* FeedViewController.h */,
				1D099C921EBEEE2700B5FC42 /* FeedViewController.m */,
				1D491B9A1EBEDECE0034B47C /* Main.storyboard */,
				1D099D131EBF874200B5FC42 /* SimpleTableCell.h */,
				1D099D141EBF874200B5FC42 /* SimpleTableCell.m */,
				1D099D0C1EBF845700B5FC42 /* SimpleTableCell.xib */,
				1D099D0E1EBF84C200B5FC42 /* download.jpg */,
				1D099D161EBF91D000B5FC42 /* button2.png */,
				1D099D181EBF924800B5FC42 /* arrow.png */,
				1D491B9D1EBEDECE0034B47C /* Assets.xcassets */,
				1D491B9F1EBEDECE0034B47C /* LaunchScreen.storyboard */,
				1D491BA21EBEDECE0034B47C /* Info.plist */,
				1D491B911EBEDECE0034B47C /* Supporting Files */,
			);
			path = cameratestOBJC;
			sourceTree = "<group>";
		};
		1D491B911EBEDECE0034B47C /* Supporting Files */ = {
			isa = PBXGroup;
			children = (
				1D491B921EBEDECE0034B47C /* main.m */,
			);
			name = "Supporting Files";
			sourceTree = "<group>";
		};
		1D491BAA1EBEDECE0034B47C /* cameratestOBJCTests */ = {
			isa = PBXGroup;
			children = (
				1D491BAB1EBEDECE0034B47C /* cameratestOBJCTests.m */,
				1D491BAD1EBEDECE0034B47C /* Info.plist */,
			);
			path = cameratestOBJCTests;
			sourceTree = "<group>";
		};
		1D491BB51EBEDECE0034B47C /* cameratestOBJCUITests */ = {
			isa = PBXGroup;
			children = (
				1D491BB61EBEDECE0034B47C /* cameratestOBJCUITests.m */,
				1D491BB81EBEDECE0034B47C /* Info.plist */,
			);
			path = cameratestOBJCUITests;
			sourceTree = "<group>";
		};
/* End PBXGroup section */

/* Begin PBXNativeTarget section */
		1D491B8D1EBEDECE0034B47C /* cameratestOBJC */ = {
			isa = PBXNativeTarget;
			buildConfigurationList = 1D491BBB1EBEDECE0034B47C /* Build configuration list for PBXNativeTarget "cameratestOBJC" */;
			buildPhases = (
				1D491B8A1EBEDECE0034B47C /* Sources */,
				1D491B8B1EBEDECE0034B47C /* Frameworks */,
				1D491B8C1EBEDECE0034B47C /* Resources */,
			);
			buildRules = (
			);
			dependencies = (
			);
			name = cameratestOBJC;
			productName = cameratestOBJC;
			productReference = 1D491B8E1EBEDECE0034B47C /* cameratestOBJC.app */;
			productType = "com.apple.product-type.application";
		};
		1D491BA61EBEDECE0034B47C /* cameratestOBJCTests */ = {
			isa = PBXNativeTarget;
			buildConfigurationList = 1D491BBE1EBEDECE0034B47C /* Build configuration list for PBXNativeTarget "cameratestOBJCTests" */;
			buildPhases = (
				1D491BA31EBEDECE0034B47C /* Sources */,
				1D491BA41EBEDECE0034B47C /* Frameworks */,
				1D491BA51EBEDECE0034B47C /* Resources */,
			);
			buildRules = (
			);
			dependencies = (
				1D491BA91EBEDECE0034B47C /* PBXTargetDependency */,
			);
			name = cameratestOBJCTests;
			productName = cameratestOBJCTests;
			productReference = 1D491BA71EBEDECE0034B47C /* cameratestOBJCTests.xctest */;
			productType = "com.apple.product-type.bundle.unit-test";
		};
		1D491BB11EBEDECE0034B47C /* cameratestOBJCUITests */ = {
			isa = PBXNativeTarget;
			buildConfigurationList = 1D491BC11EBEDECE0034B47C /* Build configuration list for PBXNativeTarget "cameratestOBJCUITests" */;
			buildPhases = (
				1D491BAE1EBEDECE0034B47C /* Sources */,
				1D491BAF1EBEDECE0034B47C /* Frameworks */,
				1D491BB01EBEDECE0034B47C /* Resources */,
			);
			buildRules = (
			);
			dependencies = (
				1D491BB41EBEDECE0034B47C /* PBXTargetDependency */,
			);
			name = cameratestOBJCUITests;
			productName = cameratestOBJCUITests;
			productReference = 1D491BB21EBEDECE0034B47C /* cameratestOBJCUITests.xctest */;
			productType = "com.apple.product-type.bundle.ui-testing";
		};
/* End PBXNativeTarget section */

/* Begin PBXProject section */
		1D491B861EBEDECE0034B47C /* Project object */ = {
			isa = PBXProject;
			attributes = {
				LastUpgradeCheck = 0820;
				ORGANIZATIONNAME = "Silicon Hacks";
				TargetAttributes = {
					1D491B8D1EBEDECE0034B47C = {
						CreatedOnToolsVersion = 8.2.1;
						DevelopmentTeam = MN5GJK6D48;
						ProvisioningStyle = Automatic;
					};
					1D491BA61EBEDECE0034B47C = {
						CreatedOnToolsVersion = 8.2.1;
						ProvisioningStyle = Automatic;
						TestTargetID = 1D491B8D1EBEDECE0034B47C;
					};
					1D491BB11EBEDECE0034B47C = {
						CreatedOnToolsVersion = 8.2.1;
						ProvisioningStyle = Automatic;
						TestTargetID = 1D491B8D1EBEDECE0034B47C;
					};
				};
			};
			buildConfigurationList = 1D491B891EBEDECE0034B47C /* Build configuration list for PBXProject "cameratestOBJC" */;
			compatibilityVersion = "Xcode 3.2";
			developmentRegion = English;
			hasScannedForEncodings = 0;
			knownRegions = (
				en,
				Base,
			);
			mainGroup = 1D491B851EBEDECE0034B47C;
			productRefGroup = 1D491B8F1EBEDECE0034B47C /* Products */;
			projectDirPath = "";
			projectRoot = "";
			targets = (
				1D491B8D1EBEDECE0034B47C /* cameratestOBJC */,
				1D491BA61EBEDECE0034B47C /* cameratestOBJCTests */,
				1D491BB11EBEDECE0034B47C /* cameratestOBJCUITests */,
			);
		};
/* End PBXProject section */

/* Begin PBXResourcesBuildPhase section */
		1D491B8C1EBEDECE0034B47C /* Resources */ = {
			isa = PBXResourcesBuildPhase;
			buildActionMask = 2147483647;
			files = (
				1D491BA11EBEDECE0034B47C /* LaunchScreen.storyboard in Resources */,
				1D099D0F1EBF84C200B5FC42 /* download.jpg in Resources */,
				1D099D171EBF91D000B5FC42 /* button2.png in Resources */,
				1D491B9E1EBEDECE0034B47C /* Assets.xcassets in Resources */,
				1D099D0D1EBF845700B5FC42 /* SimpleTableCell.xib in Resources */,
				1D099D191EBF924800B5FC42 /* arrow.png in Resources */,
				1D491B9C1EBEDECE0034B47C /* Main.storyboard in Resources */,
			);
			runOnlyForDeploymentPostprocessing = 0;
		};
		1D491BA51EBEDECE0034B47C /* Resources */ = {
			isa = PBXResourcesBuildPhase;
			buildActionMask = 2147483647;
			files = (
			);
			runOnlyForDeploymentPostprocessing = 0;
		};
		1D491BB01EBEDECE0034B47C /* Resources */ = {
			isa = PBXResourcesBuildPhase;
			buildActionMask = 2147483647;
			files = (
			);
			runOnlyForDeploymentPostprocessing = 0;
		};
/* End PBXResourcesBuildPhase section */

/* Begin PBXSourcesBuildPhase section */
		1D491B8A1EBEDECE0034B47C /* Sources */ = {
			isa = PBXSourcesBuildPhase;
			buildActionMask = 2147483647;
			files = (
				1D099C901EBEE9C700B5FC42 /* PostViewController.m in Sources */,
				1D099C931EBEEE2700B5FC42 /* FeedViewController.m in Sources */,
				1D099D151EBF874200B5FC42 /* SimpleTableCell.m in Sources */,
				1D491B991EBEDECE0034B47C /* ViewController.m in Sources */,
				1D491B961EBEDECE0034B47C /* AppDelegate.m in Sources */,
				1D491B931EBEDECE0034B47C /* main.m in Sources */,
			);
			runOnlyForDeploymentPostprocessing = 0;
		};
		1D491BA31EBEDECE0034B47C /* Sources */ = {
			isa = PBXSourcesBuildPhase;
			buildActionMask = 2147483647;
			files = (
				1D491BAC1EBEDECE0034B47C /* cameratestOBJCTests.m in Sources */,
			);
			runOnlyForDeploymentPostprocessing = 0;
		};
		1D491BAE1EBEDECE0034B47C /* Sources */ = {
			isa = PBXSourcesBuildPhase;
			buildActionMask = 2147483647;
			files = (
				1D491BB71EBEDECE0034B47C /* cameratestOBJCUITests.m in Sources */,
			);
			runOnlyForDeploymentPostprocessing = 0;
		};
/* End PBXSourcesBuildPhase section */

/* Begin PBXTargetDependency section */
		1D491BA91EBEDECE0034B47C /* PBXTargetDependency */ = {
			isa = PBXTargetDependency;
			target = 1D491B8D1EBEDECE0034B47C /* cameratestOBJC */;
			targetProxy = 1D491BA81EBEDECE0034B47C /* PBXContainerItemProxy */;
		};
		1D491BB41EBEDECE0034B47C /* PBXTargetDependency */ = {
			isa = PBXTargetDependency;
			target = 1D491B8D1EBEDECE0034B47C /* cameratestOBJC */;
			targetProxy = 1D491BB31EBEDECE0034B47C /* PBXContainerItemProxy */;
		};
/* End PBXTargetDependency section */

/* Begin PBXVariantGroup section */
		1D491B9A1EBEDECE0034B47C /* Main.storyboard */ = {
			isa = PBXVariantGroup;
			children = (
				1D491B9B1EBEDECE0034B47C /* Base */,
			);
			name = Main.storyboard;
			sourceTree = "<group>";
		};
		1D491B9F1EBEDECE0034B47C /* LaunchScreen.storyboard */ = {
			isa = PBXVariantGroup;
			children = (
				1D491BA01EBEDECE0034B47C /* Base */,
			);
			name = LaunchScreen.storyboard;
			sourceTree = "<group>";
		};
/* End PBXVariantGroup section */

/* Begin XCBuildConfiguration section */
		1D491BB91EBEDECE0034B47C /* Debug */ = {
			isa = XCBuildConfiguration;
			buildSettings = {
				ALWAYS_SEARCH_USER_PATHS = NO;
				CLANG_ANALYZER_NONNULL = YES;
				CLANG_CXX_LANGUAGE_STANDARD = "gnu++0x";
				CLANG_CXX_LIBRARY = "libc++";
				CLANG_ENABLE_MODULES = YES;
				CLANG_ENABLE_OBJC_ARC = YES;
				CLANG_WARN_BOOL_CONVERSION = YES;
				CLANG_WARN_CONSTANT_CONVERSION = YES;
				CLANG_WARN_DIRECT_OBJC_ISA_USAGE = YES_ERROR;
				CLANG_WARN_DOCUMENTATION_COMMENTS = YES;
				CLANG_WARN_EMPTY_BODY = YES;
				CLANG_WARN_ENUM_CONVERSION = YES;
				CLANG_WARN_INFINITE_RECURSION = YES;
				CLANG_WARN_INT_CONVERSION = YES;
				CLANG_WARN_OBJC_ROOT_CLASS = YES_ERROR;
				CLANG_WARN_SUSPICIOUS_MOVE = YES;
				CLANG_WARN_UNREACHABLE_CODE = YES;
				CLANG_WARN__DUPLICATE_METHOD_MATCH = YES;
				"CODE_SIGN_IDENTITY[sdk=iphoneos*]" = "iPhone Developer";
				COPY_PHASE_STRIP = NO;
				DEBUG_INFORMATION_FORMAT = dwarf;
				ENABLE_STRICT_OBJC_MSGSEND = YES;
				ENABLE_TESTABILITY = YES;
				GCC_C_LANGUAGE_STANDARD = gnu99;
				GCC_DYNAMIC_NO_PIC = NO;
				GCC_NO_COMMON_BLOCKS = YES;
				GCC_OPTIMIZATION_LEVEL = 0;
				GCC_PREPROCESSOR_DEFINITIONS = (
					"DEBUG=1",
					"$(inherited)",
				);
				GCC_WARN_64_TO_32_BIT_CONVERSION = YES;
				GCC_WARN_ABOUT_RETURN_TYPE = YES_ERROR;
				GCC_WARN_UNDECLARED_SELECTOR = YES;
				GCC_WARN_UNINITIALIZED_AUTOS = YES_AGGRESSIVE;
				GCC_WARN_UNUSED_FUNCTION = YES;
				GCC_WARN_UNUSED_VARIABLE = YES;
				IPHONEOS_DEPLOYMENT_TARGET = 10.2;
				MTL_ENABLE_DEBUG_INFO = YES;
				ONLY_ACTIVE_ARCH = YES;
				SDKROOT = iphoneos;
				TARGETED_DEVICE_FAMILY = "1,2";
			};
			name = Debug;
		};
		1D491BBA1EBEDECE0034B47C /* Release */ = {
			isa = XCBuildConfiguration;
			buildSettings = {
				ALWAYS_SEARCH_USER_PATHS = NO;
				CLANG_ANALYZER_NONNULL = YES;
				CLANG_CXX_LANGUAGE_STANDARD = "gnu++0x";
				CLANG_CXX_LIBRARY = "libc++";
				CLANG_ENABLE_MODULES = YES;
				CLANG_ENABLE_OBJC_ARC = YES;
				CLANG_WARN_BOOL_CONVERSION = YES;
				CLANG_WARN_CONSTANT_CONVERSION = YES;
				CLANG_WARN_DIRECT_OBJC_ISA_USAGE = YES_ERROR;
				CLANG_WARN_DOCUMENTATION_COMMENTS = YES;
				CLANG_WARN_EMPTY_BODY = YES;
				CLANG_WARN_ENUM_CONVERSION = YES;
				CLANG_WARN_INFINITE_RECURSION = YES;
				CLANG_WARN_INT_CONVERSION = YES;
				CLANG_WARN_OBJC_ROOT_CLASS = YES_ERROR;
				CLANG_WARN_SUSPICIOUS_MOVE = YES;
				CLANG_WARN_UNREACHABLE_CODE = YES;
				CLANG_WARN__DUPLICATE_METHOD_MATCH = YES;
				"CODE_SIGN_IDENTITY[sdk=iphoneos*]" = "iPhone Developer";
				COPY_PHASE_STRIP = NO;
				DEBUG_INFORMATION_FORMAT = "dwarf-with-dsym";
				ENABLE_NS_ASSERTIONS = NO;
				ENABLE_STRICT_OBJC_MSGSEND = YES;
				GCC_C_LANGUAGE_STANDARD = gnu99;
				GCC_NO_COMMON_BLOCKS = YES;
				GCC_WARN_64_TO_32_BIT_CONVERSION = YES;
				GCC_WARN_ABOUT_RETURN_TYPE = YES_ERROR;
				GCC_WARN_UNDECLARED_SELECTOR = YES;
				GCC_WARN_UNINITIALIZED_AUTOS = YES_AGGRESSIVE;
				GCC_WARN_UNUSED_FUNCTION = YES;
				GCC_WARN_UNUSED_VARIABLE = YES;
				IPHONEOS_DEPLOYMENT_TARGET = 10.2;
				MTL_ENABLE_DEBUG_INFO = NO;
				SDKROOT = iphoneos;
				TARGETED_DEVICE_FAMILY = "1,2";
				VALIDATE_PRODUCT = YES;
			};
			name = Release;
		};
		1D491BBC1EBEDECE0034B47C /* Debug */ = {
			isa = XCBuildConfiguration;
			buildSettings = {
				ASSETCATALOG_COMPILER_APPICON_NAME = AppIcon;
				DEVELOPMENT_TEAM = MN5GJK6D48;
				INFOPLIST_FILE = cameratestOBJC/Info.plist;
				LD_RUNPATH_SEARCH_PATHS = "$(inherited) @executable_path/Frameworks";
				PRODUCT_BUNDLE_IDENTIFIER = camera.cameratestOBJC;
				PRODUCT_NAME = "$(TARGET_NAME)";
			};
			name = Debug;
		};
		1D491BBD1EBEDECE0034B47C /* Release */ = {
			isa = XCBuildConfiguration;
			buildSettings = {
				ASSETCATALOG_COMPILER_APPICON_NAME = AppIcon;
				DEVELOPMENT_TEAM = MN5GJK6D48;
				INFOPLIST_FILE = cameratestOBJC/Info.plist;
				LD_RUNPATH_SEARCH_PATHS = "$(inherited) @executable_path/Frameworks";
				PRODUCT_BUNDLE_IDENTIFIER = camera.cameratestOBJC;
				PRODUCT_NAME = "$(TARGET_NAME)";
			};
			name = Release;
		};
		1D491BBF1EBEDECE0034B47C /* Debug */ = {
			isa = XCBuildConfiguration;
			buildSettings = {
				BUNDLE_LOADER = "$(TEST_HOST)";
				INFOPLIST_FILE = cameratestOBJCTests/Info.plist;
				LD_RUNPATH_SEARCH_PATHS = "$(inherited) @executable_path/Frameworks @loader_path/Frameworks";
				PRODUCT_BUNDLE_IDENTIFIER = camera.cameratestOBJCTests;
				PRODUCT_NAME = "$(TARGET_NAME)";
				TEST_HOST = "$(BUILT_PRODUCTS_DIR)/cameratestOBJC.app/cameratestOBJC";
			};
			name = Debug;
		};
		1D491BC01EBEDECE0034B47C /* Release */ = {
			isa = XCBuildConfiguration;
			buildSettings = {
				BUNDLE_LOADER = "$(TEST_HOST)";
				INFOPLIST_FILE = cameratestOBJCTests/Info.plist;
				LD_RUNPATH_SEARCH_PATHS = "$(inherited) @executable_path/Frameworks @loader_path/Frameworks";
				PRODUCT_BUNDLE_IDENTIFIER = camera.cameratestOBJCTests;
				PRODUCT_NAME = "$(TARGET_NAME)";
				TEST_HOST = "$(BUILT_PRODUCTS_DIR)/cameratestOBJC.app/cameratestOBJC";
			};
			name = Release;
		};
		1D491BC21EBEDECE0034B47C /* Debug */ = {
			isa = XCBuildConfiguration;
			buildSettings = {
				INFOPLIST_FILE = cameratestOBJCUITests/Info.plist;
				LD_RUNPATH_SEARCH_PATHS = "$(inherited) @executable_path/Frameworks @loader_path/Frameworks";
				PRODUCT_BUNDLE_IDENTIFIER = camera.cameratestOBJCUITests;
				PRODUCT_NAME = "$(TARGET_NAME)";
				TEST_TARGET_NAME = cameratestOBJC;
			};
			name = Debug;
		};
		1D491BC31EBEDECE0034B47C /* Release */ = {
			isa = XCBuildConfiguration;
			buildSettings = {
				INFOPLIST_FILE = cameratestOBJCUITests/Info.plist;
				LD_RUNPATH_SEARCH_PATHS = "$(inherited) @executable_path/Frameworks @loader_path/Frameworks";
				PRODUCT_BUNDLE_IDENTIFIER = camera.cameratestOBJCUITests;
				PRODUCT_NAME = "$(TARGET_NAME)";
				TEST_TARGET_NAME = cameratestOBJC;
			};
			name = Release;
		};
/* End XCBuildConfiguration section */

/* Begin XCConfigurationList section */
		1D491B891EBEDECE0034B47C /* Build configuration list for PBXProject "cameratestOBJC" */ = {
			isa = XCConfigurationList;
			buildConfigurations = (
				1D491BB91EBEDECE0034B47C /* Debug */,
				1D491BBA1EBEDECE0034B47C /* Release */,
			);
			defaultConfigurationIsVisible = 0;
			defaultConfigurationName = Release;
		};
		1D491BBB1EBEDECE0034B47C /* Build configuration list for PBXNativeTarget "cameratestOBJC" */ = {
			isa = XCConfigurationList;
			buildConfigurations = (
				1D491BBC1EBEDECE0034B47C /* Debug */,
				1D491BBD1EBEDECE0034B47C /* Release */,
			);
			defaultConfigurationIsVisible = 0;
			defaultConfigurationName = Release;
		};
		1D491BBE1EBEDECE0034B47C /* Build configuration list for PBXNativeTarget "cameratestOBJCTests" */ = {
			isa = XCConfigurationList;
			buildConfigurations = (
				1D491BBF1EBEDECE0034B47C /* Debug */,
				1D491BC01EBEDECE0034B47C /* Release */,
			);
			defaultConfigurationIsVisible = 0;
			defaultConfigurationName = Release;
		};
		1D491BC11EBEDECE0034B47C /* Build configuration list for PBXNativeTarget "cameratestOBJCUITests" */ = {
			isa = XCConfigurationList;
			buildConfigurations = (
				1D491BC21EBEDECE0034B47C /* Debug */,
				1D491BC31EBEDECE0034B47C /* Release */,
			);
			defaultConfigurationIsVisible = 0;
			defaultConfigurationName = Release;
		};
/* End XCConfigurationList section */
	};
	rootObject = 1D491B861EBEDECE0034B47C /* Project object */;
}
